
Microsoft Visual Studio Solution File, Format Version 12.00
# Visual Studio Version 17
VisualStudioVersion = 17.0.31919.166
MinimumVisualStudioVersion = 10.0.40219.1
Project("{9A19103F-16F7-4668-BE54-9A1E7A4F7556}") = "MicrofrontendServer.Services", "MicrofrontendServer.Services\MicrofrontendServer.Services.csproj", "{3491CF28-58DD-4369-99D7-9FF809E190A4}"
EndProject
Project("{9A19103F-16F7-4668-BE54-9A1E7A4F7556}") = "MicrofrontendServer.DAL", "MicrofrontendServer.DAL\MicrofrontendServer.DAL.csproj", "{456BFA88-D965-477B-B5DE-5296D97B8640}"
EndProject
Project("{9A19103F-16F7-4668-BE54-9A1E7A4F7556}") = "MicrofrontendServer.Domain", "MicrofrontendServer.Domain\MicrofrontendServer.Domain.csproj", "{FFADF639-14F8-41EC-AE1C-02F17F8EEAA3}"
EndProject
Project("{FAE04EC0-301F-11D3-BF4B-00C04F79EFBC}") = "MicrofrontendServer.Web.Order", "MicrofrontendServer.Web.Order\MicrofrontendServer.Web.Order.csproj", "{0FAAD3D0-6174-4E3E-B513-97217F1FC45B}"
EndProject
Project("{FAE04EC0-301F-11D3-BF4B-00C04F79EFBC}") = "MicrofrontendServer.Web.Discover", "MicrofrontendServer.Web.Discover\MicrofrontendServer.Web.Discover.csproj", "{4FD5C628-F63E-4133-AC4B-90FA89A8E80C}"
EndProject
Project("{2150E333-8FDC-42A3-9474-1A3956D46DE8}") = "Docker", "Docker", "{FAE03738-41E8-41DA-9C3E-211AD4F6AA3B}"
	ProjectSection(SolutionItems) = preProject
		docker-compose.yml = docker-compose.yml
	EndProjectSection
EndProject
Project("{9A19103F-16F7-4668-BE54-9A1E7A4F7556}") = "MicrofrontendService.Resources", "MicrofrontendService.Resources\MicrofrontendService.Resources.csproj", "{57D17B49-0A30-4C92-8566-43EFB806FFB7}"
EndProject
Global
	GlobalSection(SolutionConfigurationPlatforms) = preSolution
		Debug|Any CPU = Debug|Any CPU
		Release|Any CPU = Release|Any CPU
	EndGlobalSection
	GlobalSection(ProjectConfigurationPlatforms) = postSolution
		{3491CF28-58DD-4369-99D7-9FF809E190A4}.Debug|Any CPU.ActiveCfg = Debug|Any CPU
		{3491CF28-58DD-4369-99D7-9FF809E190A4}.Debug|Any CPU.Build.0 = Debug|Any CPU
		{3491CF28-58DD-4369-99D7-9FF809E190A4}.Release|Any CPU.ActiveCfg = Release|Any CPU
		{3491CF28-58DD-4369-99D7-9FF809E190A4}.Release|Any CPU.Build.0 = Release|Any CPU
		{456BFA88-D965-477B-B5DE-5296D97B8640}.Debug|Any CPU.ActiveCfg = Debug|Any CPU
		{456BFA88-D965-477B-B5DE-5296D97B8640}.Debug|Any CPU.Build.0 = Debug|Any CPU
		{456BFA88-D965-477B-B5DE-5296D97B8640}.Release|Any CPU.ActiveCfg = Release|Any CPU
		{456BFA88-D965-477B-B5DE-5296D97B8640}.Release|Any CPU.Build.0 = Release|Any CPU
		{FFADF639-14F8-41EC-AE1C-02F17F8EEAA3}.Debug|Any CPU.ActiveCfg = Debug|Any CPU
		{FFADF639-14F8-41EC-AE1C-02F17F8EEAA3}.Debug|Any CPU.Build.0 = Debug|Any CPU
		{FFADF639-14F8-41EC-AE1C-02F17F8EEAA3}.Release|Any CPU.ActiveCfg = Release|Any CPU
		{FFADF639-14F8-41EC-AE1C-02F17F8EEAA3}.Release|Any CPU.Build.0 = Release|Any CPU
		{0FAAD3D0-6174-4E3E-B513-97217F1FC45B}.Debug|Any CPU.ActiveCfg = Debug|Any CPU
		{0FAAD3D0-6174-4E3E-B513-97217F1FC45B}.Debug|Any CPU.Build.0 = Debug|Any CPU
		{0FAAD3D0-6174-4E3E-B513-97217F1FC45B}.Release|Any CPU.ActiveCfg = Release|Any CPU
		{0FAAD3D0-6174-4E3E-B513-97217F1FC45B}.Release|Any CPU.Build.0 = Release|Any CPU
		{4FD5C628-F63E-4133-AC4B-90FA89A8E80C}.Debug|Any CPU.ActiveCfg = Debug|Any CPU
		{4FD5C628-F63E-4133-AC4B-90FA89A8E80C}.Debug|Any CPU.Build.0 = Debug|Any CPU
		{4FD5C628-F63E-4133-AC4B-90FA89A8E80C}.Release|Any CPU.ActiveCfg = Release|Any CPU
		{4FD5C628-F63E-4133-AC4B-90FA89A8E80C}.Release|Any CPU.Build.0 = Release|Any CPU
		{57D17B49-0A30-4C92-8566-43EFB806FFB7}.Debug|Any CPU.ActiveCfg = Debug|Any CPU
		{57D17B49-0A30-4C92-8566-43EFB806FFB7}.Debug|Any CPU.Build.0 = Debug|Any CPU
		{57D17B49-0A30-4C92-8566-43EFB806FFB7}.Release|Any CPU.ActiveCfg = Release|Any CPU
		{57D17B49-0A30-4C92-8566-43EFB806FFB7}.Release|Any CPU.Build.0 = Release|Any CPU
	EndGlobalSection
	GlobalSection(SolutionProperties) = preSolution
		HideSolutionNode = FALSE
	EndGlobalSection
	GlobalSection(ExtensibilityGlobals) = postSolution
		SolutionGuid = {A3D1B75C-FEC8-4AC6-B151-11DAAAD36DF6}
	EndGlobalSection
EndGlobal
